github.com/biessek/golang-ico v0.0.0-20250805151044-6d8ea19fb761 h1:7TVpSKu1j0y3bckgvUhzW88Tt5HlovF+8U9gP2TVzzo=
github.com/biessek/golang-ico v0.0.0-20250805151044-6d8ea19fb761/go.mod h1:iRWAFbKXMMkVQyxZ1PfGlkBr1TjATx1zy2MRprV7A3Q=
github.com/chai2010/webp v1.4.0 h1:6DA2pkkRUPnbOHvvsmGI3He1hBKf/bkRlniAiSGuEko=
github.com/chai2010/webp v1.4.0/go.mod h1:0XVwvZWdjjdxpUEIf7b9g9VkHFnInUSYujwqTLEuldU=
github.com/jsummers/gobmp v0.0.0-20230614200233-a9de23ed2e25 h1:YLvr1eE6cdCqjOe972w/cYF+FjW34v27+9Vo5106B4M=
github.com/jsummers/gobmp v0.0.0-20230614200233-a9de23ed2e25/go.mod h1:kLgvv7o6UM+0QSf0QjAse3wReFDsb9qbZJdfexWlrQw=
github.com/lucasb-eyer/go-colorful v1.2.0 h1:1nnpGOrhyZZuNyfu1QjKiUICQ74+3FNCN69Aj6K7nkY=
github.com/lucasb-eyer/go-colorful v1.2.0/go.mod h1:R4dSotOR9KMtayYi1e77YzuveK+i7ruzyGqttikkLy0=
github.com/peterhellberg/gfx v0.0.0-20191011152831-b91a0de61948/go.mod h1:itlt/V2ABb7sDu42VXQHXmQ4KOdrEbFZDVIaHsRcwak=
github.com/peterhellberg/gfx v0.0.0-20240717094052-4fa835cea5a4/go.mod h1:ipo3f7y1+RHNR32fj+4TETou6OF4VXvJBhb9rwncKuw=
github.com/peterhellberg/gfx v0.0.0-20250602150231-2e41f5fad310 h1:GYpS3eYKhZmxRlKKAMaSRM/V+L6IPFlYd+IB/kc7TmU=
github.com/peterhellberg/gfx v0.0.0-20250602150231-2e41f5fad310/go.mod h1:ipo3f7y1+RHNR32fj+4TETou6OF4VXvJBhb9rwncKuw=
github.com/xyproto/burnpal v0.0.0-20191014130824-80030bc13096/go.mod h1:j3S/tDDOEkIChz0sWDqO3zXOgIjz/6nhuc+JrmZNLnA=
github.com/xyproto/burnpal v1.0.0 h1:cwiMfJdQKRuTWbg6XjCjBNd7c0TLCpfbxLW5bQNzU+c=
github.com/xyproto/burnpal v1.0.0/go.mod h1:j3S/tDDOEkIChz0sWDqO3zXOgIjz/6nhuc+JrmZNLnA=
github.com/xyproto/palgen v1.2.0/go.mod h1:s2fi72RJ3zv3GMbHP1eC+9CJBf8BNo7lpakWdOjd4U0=
github.com/xyproto/palgen v1.6.1 h1:TmVtbNZ6VAPzTBxFDFm0Fxk5Xw+NVdnl1xmJuvzFHsI=
github.com/xyproto/palgen v1.6.1/go.mod h1:HOIPtsPHOgpGTSLifWenL1Q6C+Sq/QoC8REct5J8OPI=
github.com/xyproto/xpm v1.3.0 h1:x2PfSz7eCBqIt9sw8X0G4tZyp4My7/0XErd2NMT9jKo=
github.com/xyproto/xpm v1.3.0/go.mod h1:3WnRP6D+0X0IRuHIds0TWfyYlnxdQk4anoLROtw0d2g=
